%{"aws": {:hex, :aws, "0.0.4"},
  "cowboy": {:hex, :cowboy, "1.0.2"},
  "cowlib": {:hex, :cowlib, "1.0.1"},
  "earmark": {:hex, :earmark, "0.1.17"},
  "hackney": {:hex, :hackney, "1.3.1"},
  "httpoison": {:hex, :httpoison, "0.7.2"},
  "idna": {:hex, :idna, "1.0.2"},
  "plug": {:hex, :plug, "1.0.0"},
  "poison": {:hex, :poison, "1.4.0"},
  "pot": {:git, "https://github.com/yuce/pot.git", "8e5f681d71d27e1ffbfd8b924d8e101e9a6db7e7", []},
  "ranch": {:hex, :ranch, "1.1.0"},
  "ssl_verify_hostname": {:hex, :ssl_verify_hostname, "1.0.5"},
  "timex": {:hex, :timex, "0.13.5"}}
